// !$*UTF8*$!
{
	archiveVersion = 1;
	classes = {
	};
	objectVersion = 48;
	objects = {

/* Begin PBXBuildFile section */
		DD5707BE20628BB700B3848E /* AppDelegate.swift in Sources */ = {isa = PBXBuildFile; fileRef = DD5707BD20628BB700B3848E /* AppDelegate.swift */; };
		DD5707C020628BB700B3848E /* ViewController.swift in Sources */ = {isa = PBXBuildFile; fileRef = DD5707BF20628BB700B3848E /* ViewController.swift */; };
		DD5707C320628BB700B3848E /* Main.storyboard in Resources */ = {isa = PBXBuildFile; fileRef = DD5707C120628BB700B3848E /* Main.storyboard */; };
		DD5707C520628BB700B3848E /* Assets.xcassets in Resources */ = {isa = PBXBuildFile; fileRef = DD5707C420628BB700B3848E /* Assets.xcassets */; };
		DD5707C820628BB700B3848E /* LaunchScreen.storyboard in Resources */ = {isa = PBXBuildFile; fileRef = DD5707C620628BB700B3848E /* LaunchScreen.storyboard */; };
		DD5707D320628BB700B3848E /* HuliPizzaNotificationTests.swift in Sources */ = {isa = PBXBuildFile; fileRef = DD5707D220628BB700B3848E /* HuliPizzaNotificationTests.swift */; };
		DD5707DE20628BB800B3848E /* HuliPizzaNotificationUITests.swift in Sources */ = {isa = PBXBuildFile; fileRef = DD5707DD20628BB800B3848E /* HuliPizzaNotificationUITests.swift */; };
/* End PBXBuildFile section */

/* Begin PBXContainerItemProxy section */
		DD5707CF20628BB700B3848E /* PBXContainerItemProxy */ = {
			isa = PBXContainerItemProxy;
			containerPortal = DD5707B220628BB700B3848E /* Project object */;
			proxyType = 1;
			remoteGlobalIDString = DD5707B920628BB700B3848E;
			remoteInfo = HuliPizzaNotification;
		};
		DD5707DA20628BB800B3848E /* PBXContainerItemProxy */ = {
			isa = PBXContainerItemProxy;
			containerPortal = DD5707B220628BB700B3848E /* Project object */;
			proxyType = 1;
			remoteGlobalIDString = DD5707B920628BB700B3848E;
			remoteInfo = HuliPizzaNotification;
		};
/* End PBXContainerItemProxy section */

/* Begin PBXFileReference section */
		DD5707BA20628BB700B3848E /* HuliPizzaNotification.app */ = {isa = PBXFileReference; explicitFileType = wrapper.application; includeInIndex = 0; path = HuliPizzaNotification.app; sourceTree = BUILT_PRODUCTS_DIR; };
		DD5707BD20628BB700B3848E /* AppDelegate.swift */ = {isa = PBXFileReference; lastKnownFileType = sourcecode.swift; path = AppDelegate.swift; sourceTree = "<group>"; };
		DD5707BF20628BB700B3848E /* ViewController.swift */ = {isa = PBXFileReference; lastKnownFileType = sourcecode.swift; path = ViewController.swift; sourceTree = "<group>"; };
		DD5707C220628BB700B3848E /* Base */ = {isa = PBXFileReference; lastKnownFileType = file.storyboard; name = Base; path = Base.lproj/Main.storyboard; sourceTree = "<group>"; };
		DD5707C420628BB700B3848E /* Assets.xcassets */ = {isa = PBXFileReference; lastKnownFileType = folder.assetcatalog; path = Assets.xcassets; sourceTree = "<group>"; };
		DD5707C720628BB700B3848E /* Base */ = {isa = PBXFileReference; lastKnownFileType = file.storyboard; name = Base; path = Base.lproj/LaunchScreen.storyboard; sourceTree = "<group>"; };
		DD5707C920628BB700B3848E /* Info.plist */ = {isa = PBXFileReference; lastKnownFileType = text.plist.xml; path = Info.plist; sourceTree = "<group>"; };
		DD5707CE20628BB700B3848E /* HuliPizzaNotificationTests.xctest */ = {isa = PBXFileReference; explicitFileType = wrapper.cfbundle; includeInIndex = 0; path = HuliPizzaNotificationTests.xctest; sourceTree = BUILT_PRODUCTS_DIR; };
		DD5707D220628BB700B3848E /* HuliPizzaNotificationTests.swift */ = {isa = PBXFileReference; lastKnownFileType = sourcecode.swift; path = HuliPizzaNotificationTests.swift; sourceTree = "<group>"; };
		DD5707D420628BB700B3848E /* Info.plist */ = {isa = PBXFileReference; lastKnownFileType = text.plist.xml; path = Info.plist; sourceTree = "<group>"; };
		DD5707D920628BB800B3848E /* HuliPizzaNotificationUITests.xctest */ = {isa = PBXFileReference; explicitFileType = wrapper.cfbundle; includeInIndex = 0; path = HuliPizzaNotificationUITests.xctest; sourceTree = BUILT_PRODUCTS_DIR; };
		DD5707DD20628BB800B3848E /* HuliPizzaNotificationUITests.swift */ = {isa = PBXFileReference; lastKnownFileType = sourcecode.swift; path = HuliPizzaNotificationUITests.swift; sourceTree = "<group>"; };
		DD5707DF20628BB800B3848E /* Info.plist */ = {isa = PBXFileReference; lastKnownFileType = text.plist.xml; path = Info.plist; sourceTree = "<group>"; };
/* End PBXFileReference section */

/* Begin PBXFrameworksBuildPhase section */
		DD5707B720628BB700B3848E /* Frameworks */ = {
			isa = PBXFrameworksBuildPhase;
			buildActionMask = 2147483647;
			files = (
			);
			runOnlyForDeploymentPostprocessing = 0;
		};
		DD5707CB20628BB700B3848E /* Frameworks */ = {
			isa = PBXFrameworksBuildPhase;
			buildActionMask = 2147483647;
			files = (
			);
			runOnlyForDeploymentPostprocessing = 0;
		};
		DD5707D620628BB800B3848E /* Frameworks */ = {
			isa = PBXFrameworksBuildPhase;
			buildActionMask = 2147483647;
			files = (
			);
			runOnlyForDeploymentPostprocessing = 0;
		};
/* End PBXFrameworksBuildPhase section */

/* Begin PBXGroup section */
		DD5707B120628BB700B3848E = {
			isa = PBXGroup;
			children = (
				DD5707BC20628BB700B3848E /* HuliPizzaNotification */,
				DD5707D120628BB700B3848E /* HuliPizzaNotificationTests */,
				DD5707DC20628BB800B3848E /* HuliPizzaNotificationUITests */,
				DD5707BB20628BB700B3848E /* Products */,
			);
			sourceTree = "<group>";
		};
		DD5707BB20628BB700B3848E /* Products */ = {
			isa = PBXGroup;
			children = (
				DD5707BA20628BB700B3848E /* HuliPizzaNotification.app */,
				DD5707CE20628BB700B3848E /* HuliPizzaNotificationTests.xctest */,
				DD5707D920628BB800B3848E /* HuliPizzaNotificationUITests.xctest */,
			);
			name = Products;
			sourceTree = "<group>";
		};
		DD5707BC20628BB700B3848E /* HuliPizzaNotification */ = {
			isa = PBXGroup;
			children = (
				DD5707BD20628BB700B3848E /* AppDelegate.swift */,
				DD5707BF20628BB700B3848E /* ViewController.swift */,
				DD5707C120628BB700B3848E /* Main.storyboard */,
				DD5707C420628BB700B3848E /* Assets.xcassets */,
				DD5707C620628BB700B3848E /* LaunchScreen.storyboard */,
				DD5707C920628BB700B3848E /* Info.plist */,
			);
			path = HuliPizzaNotification;
			sourceTree = "<group>";
		};
		DD5707D120628BB700B3848E /* HuliPizzaNotificationTests */ = {
			isa = PBXGroup;
			children = (
				DD5707D220628BB700B3848E /* HuliPizzaNotificationTests.swift */,
				DD5707D420628BB700B3848E /* Info.plist */,
			);
			path = HuliPizzaNotificationTests;
			sourceTree = "<group>";
		};
		DD5707DC20628BB800B3848E /* HuliPizzaNotificationUITests */ = {
			isa = PBXGroup;
			children = (
				DD5707DD20628BB800B3848E /* HuliPizzaNotificationUITests.swift */,
				DD5707DF20628BB800B3848E /* Info.plist */,
			);
			path = HuliPizzaNotificationUITests;
			sourceTree = "<group>";
		};
/* End PBXGroup section */

/* Begin PBXNativeTarget section */
		DD5707B920628BB700B3848E /* HuliPizzaNotification */ = {
			isa = PBXNativeTarget;
			buildConfigurationList = DD5707E220628BB800B3848E /* Build configuration list for PBXNativeTarget "HuliPizzaNotification" */;
			buildPhases = (
				DD5707B620628BB700B3848E /* Sources */,
				DD5707B720628BB700B3848E /* Frameworks */,
				DD5707B820628BB700B3848E /* Resources */,
			);
			buildRules = (
			);
			dependencies = (
			);
			name = HuliPizzaNotification;
			productName = HuliPizzaNotification;
			productReference = DD5707BA20628BB700B3848E /* HuliPizzaNotification.app */;
			productType = "com.apple.product-type.application";
		};
		DD5707CD20628BB700B3848E /* HuliPizzaNotificationTests */ = {
			isa = PBXNativeTarget;
			buildConfigurationList = DD5707E520628BB800B3848E /* Build configuration list for PBXNativeTarget "HuliPizzaNotificationTests" */;
			buildPhases = (
				DD5707CA20628BB700B3848E /* Sources */,
				DD5707CB20628BB700B3848E /* Frameworks */,
				DD5707CC20628BB700B3848E /* Resources */,
			);
			buildRules = (
			);
			dependencies = (
				DD5707D020628BB700B3848E /* PBXTargetDependency */,
			);
			name = HuliPizzaNotificationTests;
			productName = HuliPizzaNotificationTests;
			productReference = DD5707CE20628BB700B3848E /* HuliPizzaNotificationTests.xctest */;
			productType = "com.apple.product-type.bundle.unit-test";
		};
		DD5707D820628BB800B3848E /* HuliPizzaNotificationUITests */ = {
			isa = PBXNativeTarget;
			buildConfigurationList = DD5707E820628BB800B3848E /* Build configuration list for PBXNativeTarget "HuliPizzaNotificationUITests" */;
			buildPhases = (
				DD5707D520628BB800B3848E /* Sources */,
				DD5707D620628BB800B3848E /* Frameworks */,
				DD5707D720628BB800B3848E /* Resources */,
			);
			buildRules = (
			);
			dependencies = (
				DD5707DB20628BB800B3848E /* PBXTargetDependency */,
			);
			name = HuliPizzaNotificationUITests;
			productName = HuliPizzaNotificationUITests;
			productReference = DD5707D920628BB800B3848E /* HuliPizzaNotificationUITests.xctest */;
			productType = "com.apple.product-type.bundle.ui-testing";
		};
/* End PBXNativeTarget section */

/* Begin PBXProject section */
		DD5707B220628BB700B3848E /* Project object */ = {
			isa = PBXProject;
			attributes = {
				LastSwiftUpdateCheck = 0920;
				LastUpgradeCheck = 0920;
				ORGANIZATIONNAME = "Thien Le quang";
				TargetAttributes = {
					DD5707B920628BB700B3848E = {
						CreatedOnToolsVersion = 9.2;
						ProvisioningStyle = Automatic;
					};
					DD5707CD20628BB700B3848E = {
						CreatedOnToolsVersion = 9.2;
						ProvisioningStyle = Automatic;
						TestTargetID = DD5707B920628BB700B3848E;
					};
					DD5707D820628BB800B3848E = {
						CreatedOnToolsVersion = 9.2;
						ProvisioningStyle = Automatic;
						TestTargetID = DD5707B920628BB700B3848E;
					};
				};
			};
			buildConfigurationList = DD5707B520628BB700B3848E /* Build configuration list for PBXProject "HuliPizzaNotification" */;
			compatibilityVersion = "Xcode 8.0";
			developmentRegion = en;
			hasScannedForEncodings = 0;
			knownRegions = (
				en,
				Base,
			);
			mainGroup = DD5707B120628BB700B3848E;
			productRefGroup = DD5707BB20628BB700B3848E /* Products */;
			projectDirPath = "";
			projectRoot = "";
			targets = (
				DD5707B920628BB700B3848E /* HuliPizzaNotification */,
				DD5707CD20628BB700B3848E /* HuliPizzaNotificationTests */,
				DD5707D820628BB800B3848E /* HuliPizzaNotificationUITests */,
			);
		};
/* End PBXProject section */

/* Begin PBXResourcesBuildPhase section */
		DD5707B820628BB700B3848E /* Resources */ = {
			isa = PBXResourcesBuildPhase;
			buildActionMask = 2147483647;
			files = (
				DD5707C820628BB700B3848E /* LaunchScreen.storyboard in Resources */,
				DD5707C520628BB700B3848E /* Assets.xcassets in Resources */,
				DD5707C320628BB700B3848E /* Main.storyboard in Resources */,
			);
			runOnlyForDeploymentPostprocessing = 0;
		};
		DD5707CC20628BB700B3848E /* Resources */ = {
			isa = PBXResourcesBuildPhase;
			buildActionMask = 2147483647;
			files = (
			);
			runOnlyForDeploymentPostprocessing = 0;
		};
		DD5707D720628BB800B3848E /* Resources */ = {
			isa = PBXResourcesBuildPhase;
			buildActionMask = 2147483647;
			files = (
			);
			runOnlyForDeploymentPostprocessing = 0;
		};
/* End PBXResourcesBuildPhase section */

/* Begin PBXSourcesBuildPhase section */
		DD5707B620628BB700B3848E /* Sources */ = {
			isa = PBXSourcesBuildPhase;
			buildActionMask = 2147483647;
			files = (
				DD5707C020628BB700B3848E /* ViewController.swift in Sources */,
				DD5707BE20628BB700B3848E /* AppDelegate.swift in Sources */,
			);
			runOnlyForDeploymentPostprocessing = 0;
		};
		DD5707CA20628BB700B3848E /* Sources */ = {
			isa = PBXSourcesBuildPhase;
			buildActionMask = 2147483647;
			files = (
				DD5707D320628BB700B3848E /* HuliPizzaNotificationTests.swift in Sources */,
			);
			runOnlyForDeploymentPostprocessing = 0;
		};
		DD5707D520628BB800B3848E /* Sources */ = {
			isa = PBXSourcesBuildPhase;
			buildActionMask = 2147483647;
			files = (
				DD5707DE20628BB800B3848E /* HuliPizzaNotificationUITests.swift in Sources */,
			);
			runOnlyForDeploymentPostprocessing = 0;
		};
/* End PBXSourcesBuildPhase section */

/* Begin PBXTargetDependency section */
		DD5707D020628BB700B3848E /* PBXTargetDependency */ = {
			isa = PBXTargetDependency;
			target = DD5707B920628BB700B3848E /* HuliPizzaNotification */;
			targetProxy = DD5707CF20628BB700B3848E /* PBXContainerItemProxy */;
		};
		DD5707DB20628BB800B3848E /* PBXTargetDependency */ = {
			isa = PBXTargetDependency;
			target = DD5707B920628BB700B3848E /* HuliPizzaNotification */;
			targetProxy = DD5707DA20628BB800B3848E /* PBXContainerItemProxy */;
		};
/* End PBXTargetDependency section */

/* Begin PBXVariantGroup section */
		DD5707C120628BB700B3848E /* Main.storyboard */ = {
			isa = PBXVariantGroup;
			children = (
				DD5707C220628BB700B3848E /* Base */,
			);
			name = Main.storyboard;
			sourceTree = "<group>";
		};
		DD5707C620628BB700B3848E /* LaunchScreen.storyboard */ = {
			isa = PBXVariantGroup;
			children = (
				DD5707C720628BB700B3848E /* Base */,
			);
			name = LaunchScreen.storyboard;
			sourceTree = "<group>";
		};
/* End PBXVariantGroup section */

/* Begin XCBuildConfiguration section */
		DD5707E020628BB800B3848E /* Debug */ = {
			isa = XCBuildConfiguration;
			buildSettings = {
				ALWAYS_SEARCH_USER_PATHS = NO;
				CLANG_ANALYZER_NONNULL = YES;
				CLANG_ANALYZER_NUMBER_OBJECT_CONVERSION = YES_AGGRESSIVE;
				CLANG_CXX_LANGUAGE_STANDARD = "gnu++14";
				CLANG_CXX_LIBRARY = "libc++";
				CLANG_ENABLE_MODULES = YES;
				CLANG_ENABLE_OBJC_ARC = YES;
				CLANG_WARN_BLOCK_CAPTURE_AUTORELEASING = YES;
				CLANG_WARN_BOOL_CONVERSION = YES;
				CLANG_WARN_COMMA = YES;
				CLANG_WARN_CONSTANT_CONVERSION = YES;
				CLANG_WARN_DIRECT_OBJC_ISA_USAGE = YES_ERROR;
				CLANG_WARN_DOCUMENTATION_COMMENTS = YES;
				CLANG_WARN_EMPTY_BODY = YES;
				CLANG_WARN_ENUM_CONVERSION = YES;
				CLANG_WARN_INFINITE_RECURSION = YES;
				CLANG_WARN_INT_CONVERSION = YES;
				CLANG_WARN_NON_LITERAL_NULL_CONVERSION = YES;
				CLANG_WARN_OBJC_LITERAL_CONVERSION = YES;
				CLANG_WARN_OBJC_ROOT_CLASS = YES_ERROR;
				CLANG_WARN_RANGE_LOOP_ANALYSIS = YES;
				CLANG_WARN_STRICT_PROTOTYPES = YES;
				CLANG_WARN_SUSPICIOUS_MOVE = YES;
				CLANG_WARN_UNGUARDED_AVAILABILITY = YES_AGGRESSIVE;
				CLANG_WARN_UNREACHABLE_CODE = YES;
				CLANG_WARN__DUPLICATE_METHOD_MATCH = YES;
				CODE_SIGN_IDENTITY = "iPhone Developer";
				COPY_PHASE_STRIP = NO;
				DEBUG_INFORMATION_FORMAT = dwarf;
				ENABLE_STRICT_OBJC_MSGSEND = YES;
				ENABLE_TESTABILITY = YES;
				GCC_C_LANGUAGE_STANDARD = gnu11;
				GCC_DYNAMIC_NO_PIC = NO;
				GCC_NO_COMMON_BLOCKS = YES;
				GCC_OPTIMIZATION_LEVEL = 0;
				GCC_PREPROCESSOR_DEFINITIONS = (
					"DEBUG=1",
					"$(inherited)",
				);
				GCC_WARN_64_TO_32_BIT_CONVERSION = YES;
				GCC_WARN_ABOUT_RETURN_TYPE = YES_ERROR;
				GCC_WARN_UNDECLARED_SELECTOR = YES;
				GCC_WARN_UNINITIALIZED_AUTOS = YES_AGGRESSIVE;
				GCC_WARN_UNUSED_FUNCTION = YES;
				GCC_WARN_UNUSED_VARIABLE = YES;
				IPHONEOS_DEPLOYMENT_TARGET = 11.2;
				MTL_ENABLE_DEBUG_INFO = YES;
				ONLY_ACTIVE_ARCH = YES;
				SDKROOT = iphoneos;
				SWIFT_ACTIVE_COMPILATION_CONDITIONS = DEBUG;
				SWIFT_OPTIMIZATION_LEVEL = "-Onone";
			};
			name = Debug;
		};
		DD5707E120628BB800B3848E /* Release */ = {
			isa = XCBuildConfiguration;
			buildSettings = {
				ALWAYS_SEARCH_USER_PATHS = NO;
				CLANG_ANALYZER_NONNULL = YES;
				CLANG_ANALYZER_NUMBER_OBJECT_CONVERSION = YES_AGGRESSIVE;
				CLANG_CXX_LANGUAGE_STANDARD = "gnu++14";
				CLANG_CXX_LIBRARY = "libc++";
				CLANG_ENABLE_MODULES = YES;
				CLANG_ENABLE_OBJC_ARC = YES;
				CLANG_WARN_BLOCK_CAPTURE_AUTORELEASING = YES;
				CLANG_WARN_BOOL_CONVERSION = YES;
				CLANG_WARN_COMMA = YES;
				CLANG_WARN_CONSTANT_CONVERSION = YES;
				CLANG_WARN_DIRECT_OBJC_ISA_USAGE = YES_ERROR;
				CLANG_WARN_DOCUMENTATION_COMMENTS = YES;
				CLANG_WARN_EMPTY_BODY = YES;
				CLANG_WARN_ENUM_CONVERSION = YES;
				CLANG_WARN_INFINITE_RECURSION = YES;
				CLANG_WARN_INT_CONVERSION = YES;
				CLANG_WARN_NON_LITERAL_NULL_CONVERSION = YES;
				CLANG_WARN_OBJC_LITERAL_CONVERSION = YES;
				CLANG_WARN_OBJC_ROOT_CLASS = YES_ERROR;
				CLANG_WARN_RANGE_LOOP_ANALYSIS = YES;
				CLANG_WARN_STRICT_PROTOTYPES = YES;
				CLANG_WARN_SUSPICIOUS_MOVE = YES;
				CLANG_WARN_UNGUARDED_AVAILABILITY = YES_AGGRESSIVE;
				CLANG_WARN_UNREACHABLE_CODE = YES;
				CLANG_WARN__DUPLICATE_METHOD_MATCH = YES;
				CODE_SIGN_IDENTITY = "iPhone Developer";
				COPY_PHASE_STRIP = NO;
				DEBUG_INFORMATION_FORMAT = "dwarf-with-dsym";
				ENABLE_NS_ASSERTIONS = NO;
				ENABLE_STRICT_OBJC_MSGSEND = YES;
				GCC_C_LANGUAGE_STANDARD = gnu11;
				GCC_NO_COMMON_BLOCKS = YES;
				GCC_WARN_64_TO_32_BIT_CONVERSION = YES;
				GCC_WARN_ABOUT_RETURN_TYPE = YES_ERROR;
				GCC_WARN_UNDECLARED_SELECTOR = YES;
				GCC_WARN_UNINITIALIZED_AUTOS = YES_AGGRESSIVE;
				GCC_WARN_UNUSED_FUNCTION = YES;
				GCC_WARN_UNUSED_VARIABLE = YES;
				IPHONEOS_DEPLOYMENT_TARGET = 11.2;
				MTL_ENABLE_DEBUG_INFO = NO;
				SDKROOT = iphoneos;
				SWIFT_OPTIMIZATION_LEVEL = "-Owholemodule";
				VALIDATE_PRODUCT = YES;
			};
			name = Release;
		};
		DD5707E320628BB800B3848E /* Debug */ = {
			isa = XCBuildConfiguration;
			buildSettings = {
				ASSETCATALOG_COMPILER_APPICON_NAME = AppIcon;
				CODE_SIGN_STYLE = Automatic;
				INFOPLIST_FILE = HuliPizzaNotification/Info.plist;
				LD_RUNPATH_SEARCH_PATHS = "$(inherited) @executable_path/Frameworks";
				PRODUCT_BUNDLE_IDENTIFIER = com.thienquang.HuliPizzaNotification;
				PRODUCT_NAME = "$(TARGET_NAME)";
				SWIFT_VERSION = 4.0;
				TARGETED_DEVICE_FAMILY = "1,2";
			};
			name = Debug;
		};
		DD5707E420628BB800B3848E /* Release */ = {
			isa = XCBuildConfiguration;
			buildSettings = {
				ASSETCATALOG_COMPILER_APPICON_NAME = AppIcon;
				CODE_SIGN_STYLE = Automatic;
				INFOPLIST_FILE = HuliPizzaNotification/Info.plist;
				LD_RUNPATH_SEARCH_PATHS = "$(inherited) @executable_path/Frameworks";
				PRODUCT_BUNDLE_IDENTIFIER = com.thienquang.HuliPizzaNotification;
				PRODUCT_NAME = "$(TARGET_NAME)";
				SWIFT_VERSION = 4.0;
				TARGETED_DEVICE_FAMILY = "1,2";
			};
			name = Release;
		};
		DD5707E620628BB800B3848E /* Debug */ = {
			isa = XCBuildConfiguration;
			buildSettings = {
				ALWAYS_EMBED_SWIFT_STANDARD_LIBRARIES = YES;
				BUNDLE_LOADER = "$(TEST_HOST)";
				CODE_SIGN_STYLE = Automatic;
				INFOPLIST_FILE = HuliPizzaNotificationTests/Info.plist;
				LD_RUNPATH_SEARCH_PATHS = "$(inherited) @executable_path/Frameworks @loader_path/Frameworks";
				PRODUCT_BUNDLE_IDENTIFIER = com.thienquang.HuliPizzaNotificationTests;
				PRODUCT_NAME = "$(TARGET_NAME)";
				SWIFT_VERSION = 4.0;
				TARGETED_DEVICE_FAMILY = "1,2";
				TEST_HOST = "$(BUILT_PRODUCTS_DIR)/HuliPizzaNotification.app/HuliPizzaNotification";
			};
			name = Debug;
		};
		DD5707E720628BB800B3848E /* Release */ = {
			isa = XCBuildConfiguration;
			buildSettings = {
				ALWAYS_EMBED_SWIFT_STANDARD_LIBRARIES = YES;
				BUNDLE_LOADER = "$(TEST_HOST)";
				CODE_SIGN_STYLE = Automatic;
				INFOPLIST_FILE = HuliPizzaNotificationTests/Info.plist;
				LD_RUNPATH_SEARCH_PATHS = "$(inherited) @executable_path/Frameworks @loader_path/Frameworks";
				PRODUCT_BUNDLE_IDENTIFIER = com.thienquang.HuliPizzaNotificationTests;
				PRODUCT_NAME = "$(TARGET_NAME)";
				SWIFT_VERSION = 4.0;
				TARGETED_DEVICE_FAMILY = "1,2";
				TEST_HOST = "$(BUILT_PRODUCTS_DIR)/HuliPizzaNotification.app/HuliPizzaNotification";
			};
			name = Release;
		};
		DD5707E920628BB800B3848E /* Debug */ = {
			isa = XCBuildConfiguration;
			buildSettings = {
				ALWAYS_EMBED_SWIFT_STANDARD_LIBRARIES = YES;
				CODE_SIGN_STYLE = Automatic;
				INFOPLIST_FILE = HuliPizzaNotificationUITests/Info.plist;
				LD_RUNPATH_SEARCH_PATHS = "$(inherited) @executable_path/Frameworks @loader_path/Frameworks";
				PRODUCT_BUNDLE_IDENTIFIER = com.thienquang.HuliPizzaNotificationUITests;
				PRODUCT_NAME = "$(TARGET_NAME)";
				SWIFT_VERSION = 4.0;
				TARGETED_DEVICE_FAMILY = "1,2";
				TEST_TARGET_NAME = HuliPizzaNotification;
			};
			name = Debug;
		};
		DD5707EA20628BB800B3848E /* Release */ = {
			isa = XCBuildConfiguration;
			buildSettings = {
				ALWAYS_EMBED_SWIFT_STANDARD_LIBRARIES = YES;
				CODE_SIGN_STYLE = Automatic;
				INFOPLIST_FILE = HuliPizzaNotificationUITests/Info.plist;
				LD_RUNPATH_SEARCH_PATHS = "$(inherited) @executable_path/Frameworks @loader_path/Frameworks";
				PRODUCT_BUNDLE_IDENTIFIER = com.thienquang.HuliPizzaNotificationUITests;
				PRODUCT_NAME = "$(TARGET_NAME)";
				SWIFT_VERSION = 4.0;
				TARGETED_DEVICE_FAMILY = "1,2";
				TEST_TARGET_NAME = HuliPizzaNotification;
			};
			name = Release;
		};
/* End XCBuildConfiguration section */

/* Begin XCConfigurationList section */
		DD5707B520628BB700B3848E /* Build configuration list for PBXProject "HuliPizzaNotification" */ = {
			isa = XCConfigurationList;
			buildConfigurations = (
				DD5707E020628BB800B3848E /* Debug */,
				DD5707E120628BB800B3848E /* Release */,
			);
			defaultConfigurationIsVisible = 0;
			defaultConfigurationName = Release;
		};
		DD5707E220628BB800B3848E /* Build configuration list for PBXNativeTarget "HuliPizzaNotification" */ = {
			isa = XCConfigurationList;
			buildConfigurations = (
				DD5707E320628BB800B3848E /* Debug */,
				DD5707E420628BB800B3848E /* Release */,
			);
			defaultConfigurationIsVisible = 0;
			defaultConfigurationName = Release;
		};
		DD5707E520628BB800B3848E /* Build configuration list for PBXNativeTarget "HuliPizzaNotificationTests" */ = {
			isa = XCConfigurationList;
			buildConfigurations = (
				DD5707E620628BB800B3848E /* Debug */,
				DD5707E720628BB800B3848E /* Release */,
			);
			defaultConfigurationIsVisible = 0;
			defaultConfigurationName = Release;
		};
		DD5707E820628BB800B3848E /* Build configuration list for PBXNativeTarget "HuliPizzaNotificationUITests" */ = {
			isa = XCConfigurationList;
			buildConfigurations = (
				DD5707E920628BB800B3848E /* Debug */,
				DD5707EA20628BB800B3848E /* Release */,
			);
			defaultConfigurationIsVisible = 0;
			defaultConfigurationName = Release;
		};
/* End XCConfigurationList section */
	};
	rootObject = DD5707B220628BB700B3848E /* Project object */;
}
